// !$*UTF8*$!
{
	archiveVersion = 1;
	classes = {
	};
	objectVersion = 46;
	objects = {

/* Begin PBXBuildFile section */
		C657DE0FC47A9BECB438BC82 /* libPods.a in Frameworks */ = {isa = PBXBuildFile; fileRef = 149705F5250B337386C8D102 /* libPods.a */; };
		E7576ADC1CA59A2400599341 /* main.m in Sources */ = {isa = PBXBuildFile; fileRef = E7576ADB1CA59A2400599341 /* main.m */; };
		E7576ADF1CA59A2400599341 /* AppDelegate.m in Sources */ = {isa = PBXBuildFile; fileRef = E7576ADE1CA59A2400599341 /* AppDelegate.m */; };
		E7576AE21CA59A2400599341 /* ViewController.m in Sources */ = {isa = PBXBuildFile; fileRef = E7576AE11CA59A2400599341 /* ViewController.m */; };
		E7576AE51CA59A2400599341 /* Main.storyboard in Resources */ = {isa = PBXBuildFile; fileRef = E7576AE31CA59A2400599341 /* Main.storyboard */; };
		E7576AE71CA59A2400599341 /* Assets.xcassets in Resources */ = {isa = PBXBuildFile; fileRef = E7576AE61CA59A2400599341 /* Assets.xcassets */; };
		E7576AEA1CA59A2400599341 /* LaunchScreen.storyboard in Resources */ = {isa = PBXBuildFile; fileRef = E7576AE81CA59A2400599341 /* LaunchScreen.storyboard */; };
/* End PBXBuildFile section */

/* Begin PBXFileReference section */
		0E2054138573641C0C0A542A /* Pods.debug.xcconfig */ = {isa = PBXFileReference; includeInIndex = 1; lastKnownFileType = text.xcconfig; name = Pods.debug.xcconfig; path = "Pods/Target Support Files/Pods/Pods.debug.xcconfig"; sourceTree = "<group>"; };
		149705F5250B337386C8D102 /* libPods.a */ = {isa = PBXFileReference; explicitFileType = archive.ar; includeInIndex = 0; path = libPods.a; sourceTree = BUILT_PRODUCTS_DIR; };
		5343A95FCE6F58BFD0AA4875 /* Pods.release.xcconfig */ = {isa = PBXFileReference; includeInIndex = 1; lastKnownFileType = text.xcconfig; name = Pods.release.xcconfig; path = "Pods/Target Support Files/Pods/Pods.release.xcconfig"; sourceTree = "<group>"; };
		E7576AD71CA59A2400599341 /* tongxunlu.app */ = {isa = PBXFileReference; explicitFileType = wrapper.application; includeInIndex = 0; path = tongxunlu.app; sourceTree = BUILT_PRODUCTS_DIR; };
		E7576ADB1CA59A2400599341 /* main.m */ = {isa = PBXFileReference; lastKnownFileType = sourcecode.c.objc; path = main.m; sourceTree = "<group>"; };
		E7576ADD1CA59A2400599341 /* AppDelegate.h */ = {isa = PBXFileReference; lastKnownFileType = sourcecode.c.h; path = AppDelegate.h; sourceTree = "<group>"; };
		E7576ADE1CA59A2400599341 /* AppDelegate.m */ = {isa = PBXFileReference; lastKnownFileType = sourcecode.c.objc; path = AppDelegate.m; sourceTree = "<group>"; };
		E7576AE01CA59A2400599341 /* ViewController.h */ = {isa = PBXFileReference; lastKnownFileType = sourcecode.c.h; path = ViewController.h; sourceTree = "<group>"; };
		E7576AE11CA59A2400599341 /* ViewController.m */ = {isa = PBXFileReference; lastKnownFileType = sourcecode.c.objc; path = ViewController.m; sourceTree = "<group>"; };
		E7576AE41CA59A2400599341 /* Base */ = {isa = PBXFileReference; lastKnownFileType = file.storyboard; name = Base; path = Base.lproj/Main.storyboard; sourceTree = "<group>"; };
		E7576AE61CA59A2400599341 /* Assets.xcassets */ = {isa = PBXFileReference; lastKnownFileType = folder.assetcatalog; path = Assets.xcassets; sourceTree = "<group>"; };
		E7576AE91CA59A2400599341 /* Base */ = {isa = PBXFileReference; lastKnownFileType = file.storyboard; name = Base; path = Base.lproj/LaunchScreen.storyboard; sourceTree = "<group>"; };
		E7576AEB1CA59A2400599341 /* Info.plist */ = {isa = PBXFileReference; lastKnownFileType = text.plist.xml; path = Info.plist; sourceTree = "<group>"; };
/* End PBXFileReference section */

/* Begin PBXFrameworksBuildPhase section */
		E7576AD41CA59A2400599341 /* Frameworks */ = {
			isa = PBXFrameworksBuildPhase;
			buildActionMask = 2147483647;
			files = (
				C657DE0FC47A9BECB438BC82 /* libPods.a in Frameworks */,
			);
			runOnlyForDeploymentPostprocessing = 0;
		};
/* End PBXFrameworksBuildPhase section */

/* Begin PBXGroup section */
		4C3DEF80212424F02D4557F7 /* Pods */ = {
			isa = PBXGroup;
			children = (
				0E2054138573641C0C0A542A /* Pods.debug.xcconfig */,
				5343A95FCE6F58BFD0AA4875 /* Pods.release.xcconfig */,
			);
			name = Pods;
			sourceTree = "<group>";
		};
		818FEBF38FCB5A8978061FC6 /* Frameworks */ = {
			isa = PBXGroup;
			children = (
				149705F5250B337386C8D102 /* libPods.a */,
			);
			name = Frameworks;
			sourceTree = "<group>";
		};
		E7576ACE1CA59A2400599341 = {
			isa = PBXGroup;
			children = (
				E7576AD91CA59A2400599341 /* tongxunlu */,
				E7576AD81CA59A2400599341 /* Products */,
				4C3DEF80212424F02D4557F7 /* Pods */,
				818FEBF38FCB5A8978061FC6 /* Frameworks */,
			);
			sourceTree = "<group>";
		};
		E7576AD81CA59A2400599341 /* Products */ = {
			isa = PBXGroup;
			children = (
				E7576AD71CA59A2400599341 /* tongxunlu.app */,
			);
			name = Products;
			sourceTree = "<group>";
		};
		E7576AD91CA59A2400599341 /* tongxunlu */ = {
			isa = PBXGroup;
			children = (
				E7576ADD1CA59A2400599341 /* AppDelegate.h */,
				E7576ADE1CA59A2400599341 /* AppDelegate.m */,
				E7576AE01CA59A2400599341 /* ViewController.h */,
				E7576AE11CA59A2400599341 /* ViewController.m */,
				E7576AE31CA59A2400599341 /* Main.storyboard */,
				E7576AE61CA59A2400599341 /* Assets.xcassets */,
				E7576AE81CA59A2400599341 /* LaunchScreen.storyboard */,
				E7576AEB1CA59A2400599341 /* Info.plist */,
				E7576ADA1CA59A2400599341 /* Supporting Files */,
			);
			path = tongxunlu;
			sourceTree = "<group>";
		};
		E7576ADA1CA59A2400599341 /* Supporting Files */ = {
			isa = PBXGroup;
			children = (
				E7576ADB1CA59A2400599341 /* main.m */,
			);
			name = "Supporting Files";
			sourceTree = "<group>";
		};
/* End PBXGroup section */

/* Begin PBXNativeTarget section */
		E7576AD61CA59A2400599341 /* tongxunlu */ = {
			isa = PBXNativeTarget;
			buildConfigurationList = E7576AEE1CA59A2400599341 /* Build configuration list for PBXNativeTarget "tongxunlu" */;
			buildPhases = (
				980954EB46A82DC2973BB933 /* Check Pods Manifest.lock */,
				E7576AD31CA59A2400599341 /* Sources */,
				E7576AD41CA59A2400599341 /* Frameworks */,
				E7576AD51CA59A2400599341 /* Resources */,
				06B5FCF1B683EFF2041CEF33 /* Embed Pods Frameworks */,
				C5FEBABFDC75B06E2C4E3B9E /* Copy Pods Resources */,
			);
			buildRules = (
			);
			dependencies = (
			);
			name = tongxunlu;
			productName = tongxunlu;
			productReference = E7576AD71CA59A2400599341 /* tongxunlu.app */;
			productType = "com.apple.product-type.application";
		};
/* End PBXNativeTarget section */

/* Begin PBXProject section */
		E7576ACF1CA59A2400599341 /* Project object */ = {
			isa = PBXProject;
			attributes = {
				LastUpgradeCheck = 0720;
				ORGANIZATIONNAME = JunCao;
				TargetAttributes = {
					E7576AD61CA59A2400599341 = {
						CreatedOnToolsVersion = 7.2;
						DevelopmentTeam = JT5J2CX22X;
					};
				};
			};
			buildConfigurationList = E7576AD21CA59A2400599341 /* Build configuration list for PBXProject "tongxunlu" */;
			compatibilityVersion = "Xcode 3.2";
			developmentRegion = English;
			hasScannedForEncodings = 0;
			knownRegions = (
				en,
				Base,
			);
			mainGroup = E7576ACE1CA59A2400599341;
			productRefGroup = E7576AD81CA59A2400599341 /* Products */;
			projectDirPath = "";
			projectRoot = "";
			targets = (
				E7576AD61CA59A2400599341 /* tongxunlu */,
			);
		};
/* End PBXProject section */

/* Begin PBXResourcesBuildPhase section */
		E7576AD51CA59A2400599341 /* Resources */ = {
			isa = PBXResourcesBuildPhase;
			buildActionMask = 2147483647;
			files = (
				E7576AEA1CA59A2400599341 /* LaunchScreen.storyboard in Resources */,
				E7576AE71CA59A2400599341 /* Assets.xcassets in Resources */,
				E7576AE51CA59A2400599341 /* Main.storyboard in Resources */,
			);
			runOnlyForDeploymentPostprocessing = 0;
		};
/* End PBXResourcesBuildPhase section */

/* Begin PBXShellScriptBuildPhase section */
		06B5FCF1B683EFF2041CEF33 /* Embed Pods Frameworks */ = {
			isa = PBXShellScriptBuildPhase;
			buildActionMask = 2147483647;
			files = (
			);
			inputPaths = (
			);
			name = "Embed Pods Frameworks";
			outputPaths = (
			);
			runOnlyForDeploymentPostprocessing = 0;
			shellPath = /bin/sh;
			shellScript = "\"${SRCROOT}/Pods/Target Support Files/Pods/Pods-frameworks.sh\"\n";
			showEnvVarsInLog = 0;
		};
		980954EB46A82DC2973BB933 /* Check Pods Manifest.lock */ = {
			isa = PBXShellScriptBuildPhase;
			buildActionMask = 2147483647;
			files = (
			);
			inputPaths = (
			);
			name = "Check Pods Manifest.lock";
			outputPaths = (
			);
			runOnlyForDeploymentPostprocessing = 0;
			shellPath = /bin/sh;
			shellScript = "diff \"${PODS_ROOT}/../Podfile.lock\" \"${PODS_ROOT}/Manifest.lock\" > /dev/null\nif [[ $? != 0 ]] ; then\n    cat << EOM\nerror: The sandbox is not in sync with the Podfile.lock. Run 'pod install' or update your CocoaPods installation.\nEOM\n    exit 1\nfi\n";
			showEnvVarsInLog = 0;
		};
		C5FEBABFDC75B06E2C4E3B9E /* Copy Pods Resources */ = {
			isa = PBXShellScriptBuildPhase;
			buildActionMask = 2147483647;
			files = (
			);
			inputPaths = (
			);
			name = "Copy Pods Resources";
			outputPaths = (
			);
			runOnlyForDeploymentPostprocessing = 0;
			shellPath = /bin/sh;
			shellScript = "\"${SRCROOT}/Pods/Target Support Files/Pods/Pods-resources.sh\"\n";
			showEnvVarsInLog = 0;
		};
/* End PBXShellScriptBuildPhase section */

/* Begin PBXSourcesBuildPhase section */
		E7576AD31CA59A2400599341 /* Sources */ = {
			isa = PBXSourcesBuildPhase;
			buildActionMask = 2147483647;
			files = (
				E7576AE21CA59A2400599341 /* ViewController.m in Sources */,
				E7576ADF1CA59A2400599341 /* AppDelegate.m in Sources */,
				E7576ADC1CA59A2400599341 /* main.m in Sources */,
			);
			runOnlyForDeploymentPostprocessing = 0;
		};
/* End PBXSourcesBuildPhase section */

/* Begin PBXVariantGroup section */
		E7576AE31CA59A2400599341 /* Main.storyboard */ = {
			isa = PBXVariantGroup;
			children = (
				E7576AE41CA59A2400599341 /* Base */,
			);
			name = Main.storyboard;
			sourceTree = "<group>";
		};
		E7576AE81CA59A2400599341 /* LaunchScreen.storyboard */ = {
			isa = PBXVariantGroup;
			children = (
				E7576AE91CA59A2400599341 /* Base */,
			);
			name = LaunchScreen.storyboard;
			sourceTree = "<group>";
		};
/* End PBXVariantGroup section */

/* Begin XCBuildConfiguration section */
		E7576AEC1CA59A2400599341 /* Debug */ = {
			isa = XCBuildConfiguration;
			buildSettings = {
				ALWAYS_SEARCH_USER_PATHS = NO;
				CLANG_CXX_LANGUAGE_STANDARD = "gnu++0x";
				CLANG_CXX_LIBRARY = "libc++";
				CLANG_ENABLE_MODULES = YES;
				CLANG_ENABLE_OBJC_ARC = YES;
				CLANG_WARN_BOOL_CONVERSION = YES;
				CLANG_WARN_CONSTANT_CONVERSION = YES;
				CLANG_WARN_DIRECT_OBJC_ISA_USAGE = YES_ERROR;
				CLANG_WARN_EMPTY_BODY = YES;
				CLANG_WARN_ENUM_CONVERSION = YES;
				CLANG_WARN_INT_CONVERSION = YES;
				CLANG_WARN_OBJC_ROOT_CLASS = YES_ERROR;
				CLANG_WARN_UNREACHABLE_CODE = YES;
				CLANG_WARN__DUPLICATE_METHOD_MATCH = YES;
				"CODE_SIGN_IDENTITY[sdk=iphoneos*]" = "iPhone Developer";
				COPY_PHASE_STRIP = NO;
				DEBUG_INFORMATION_FORMAT = dwarf;
				ENABLE_STRICT_OBJC_MSGSEND = YES;
				ENABLE_TESTABILITY = YES;
				GCC_C_LANGUAGE_STANDARD = gnu99;
				GCC_DYNAMIC_NO_PIC = NO;
				GCC_NO_COMMON_BLOCKS = YES;
				GCC_OPTIMIZATION_LEVEL = 0;
				GCC_PREPROCESSOR_DEFINITIONS = (
					"DEBUG=1",
					"$(inherited)",
				);
				GCC_WARN_64_TO_32_BIT_CONVERSION = YES;
				GCC_WARN_ABOUT_RETURN_TYPE = YES_ERROR;
				GCC_WARN_UNDECLARED_SELECTOR = YES;
				GCC_WARN_UNINITIALIZED_AUTOS = YES_AGGRESSIVE;
				GCC_WARN_UNUSED_FUNCTION = YES;
				GCC_WARN_UNUSED_VARIABLE = YES;
				IPHONEOS_DEPLOYMENT_TARGET = 9.2;
				MTL_ENABLE_DEBUG_INFO = YES;
				ONLY_ACTIVE_ARCH = YES;
				SDKROOT = iphoneos;
			};
			name = Debug;
		};
		E7576AED1CA59A2400599341 /* Release */ = {
			isa = XCBuildConfiguration;
			buildSettings = {
				ALWAYS_SEARCH_USER_PATHS = NO;
				CLANG_CXX_LANGUAGE_STANDARD = "gnu++0x";
				CLANG_CXX_LIBRARY = "libc++";
				CLANG_ENABLE_MODULES = YES;
				CLANG_ENABLE_OBJC_ARC = YES;
				CLANG_WARN_BOOL_CONVERSION = YES;
				CLANG_WARN_CONSTANT_CONVERSION = YES;
				CLANG_WARN_DIRECT_OBJC_ISA_USAGE = YES_ERROR;
				CLANG_WARN_EMPTY_BODY = YES;
				CLANG_WARN_ENUM_CONVERSION = YES;
				CLANG_WARN_INT_CONVERSION = YES;
				CLANG_WARN_OBJC_ROOT_CLASS = YES_ERROR;
				CLANG_WARN_UNREACHABLE_CODE = YES;
				CLANG_WARN__DUPLICATE_METHOD_MATCH = YES;
				"CODE_SIGN_IDENTITY[sdk=iphoneos*]" = "iPhone Developer";
				COPY_PHASE_STRIP = NO;
				DEBUG_INFORMATION_FORMAT = "dwarf-with-dsym";
				ENABLE_NS_ASSERTIONS = NO;
				ENABLE_STRICT_OBJC_MSGSEND = YES;
				GCC_C_LANGUAGE_STANDARD = gnu99;
				GCC_NO_COMMON_BLOCKS = YES;
				GCC_WARN_64_TO_32_BIT_CONVERSION = YES;
				GCC_WARN_ABOUT_RETURN_TYPE = YES_ERROR;
				GCC_WARN_UNDECLARED_SELECTOR = YES;
				GCC_WARN_UNINITIALIZED_AUTOS = YES_AGGRESSIVE;
				GCC_WARN_UNUSED_FUNCTION = YES;
				GCC_WARN_UNUSED_VARIABLE = YES;
				IPHONEOS_DEPLOYMENT_TARGET = 9.2;
				MTL_ENABLE_DEBUG_INFO = NO;
				SDKROOT = iphoneos;
				VALIDATE_PRODUCT = YES;
			};
			name = Release;
		};
		E7576AEF1CA59A2400599341 /* Debug */ = {
			isa = XCBuildConfiguration;
			baseConfigurationReference = 0E2054138573641C0C0A542A /* Pods.debug.xcconfig */;
			buildSettings = {
				ASSETCATALOG_COMPILER_APPICON_NAME = AppIcon;
				INFOPLIST_FILE = tongxunlu/Info.plist;
				LD_RUNPATH_SEARCH_PATHS = "$(inherited) @executable_path/Frameworks";
				PRODUCT_BUNDLE_IDENTIFIER = cn.JunCao.tongxunlu;
				PRODUCT_NAME = "$(TARGET_NAME)";
			};
			name = Debug;
		};
		E7576AF01CA59A2400599341 /* Release */ = {
			isa = XCBuildConfiguration;
			baseConfigurationReference = 5343A95FCE6F58BFD0AA4875 /* Pods.release.xcconfig */;
			buildSettings = {
				ASSETCATALOG_COMPILER_APPICON_NAME = AppIcon;
				INFOPLIST_FILE = tongxunlu/Info.plist;
				LD_RUNPATH_SEARCH_PATHS = "$(inherited) @executable_path/Frameworks";
				PRODUCT_BUNDLE_IDENTIFIER = cn.JunCao.tongxunlu;
				PRODUCT_NAME = "$(TARGET_NAME)";
			};
			name = Release;
		};
/* End XCBuildConfiguration section */

/* Begin XCConfigurationList section */
		E7576AD21CA59A2400599341 /* Build configuration list for PBXProject "tongxunlu" */ = {
			isa = XCConfigurationList;
			buildConfigurations = (
				E7576AEC1CA59A2400599341 /* Debug */,
				E7576AED1CA59A2400599341 /* Release */,
			);
			defaultConfigurationIsVisible = 0;
			defaultConfigurationName = Release;
		};
		E7576AEE1CA59A2400599341 /* Build configuration list for PBXNativeTarget "tongxunlu" */ = {
			isa = XCConfigurationList;
			buildConfigurations = (
				E7576AEF1CA59A2400599341 /* Debug */,
				E7576AF01CA59A2400599341 /* Release */,
			);
			defaultConfigurationIsVisible = 0;
			defaultConfigurationName = Release;
		};
/* End XCConfigurationList section */
	};
	rootObject = E7576ACF1CA59A2400599341 /* Project object */;
}
